
Microsoft Visual Studio Solution File, Format Version 12.00
# Visual Studio Version 17
VisualStudioVersion = 17.8.34330.188
MinimumVisualStudioVersion = 10.0.40219.1
Project("{FAE04EC0-301F-11D3-BF4B-00C04F79EFBC}") = "IdentityApi", "IdentityApi\IdentityApi.csproj", "{0B7AA1C6-5208-4A01-8F86-7F1711328498}"
EndProject
Global
	GlobalSection(SolutionConfigurationPlatforms) = preSolution
		Debug|Any CPU = Debug|Any CPU
		Release|Any CPU = Release|Any CPU
	EndGlobalSection
	GlobalSection(ProjectConfigurationPlatforms) = postSolution
		{0B7AA1C6-5208-4A01-8F86-7F1711328498}.Debug|Any CPU.ActiveCfg = Debug|Any CPU
		{0B7AA1C6-5208-4A01-8F86-7F1711328498}.Debug|Any CPU.Build.0 = Debug|Any CPU
		{0B7AA1C6-5208-4A01-8F86-7F1711328498}.Release|Any CPU.ActiveCfg = Release|Any CPU
		{0B7AA1C6-5208-4A01-8F86-7F1711328498}.Release|Any CPU.Build.0 = Release|Any CPU
	EndGlobalSection
	GlobalSection(SolutionProperties) = preSolution
		HideSolutionNode = FALSE
	EndGlobalSection
	GlobalSection(ExtensibilityGlobals) = postSolution
		SolutionGuid = {563F955B-3732-4602-86B5-DB221C8D6C0F}
	EndGlobalSection
EndGlobal
